// !$*UTF8*$!
{
	archiveVersion = 1;
	classes = {
	};
	objectVersion = 50;
	objects = {

/* Begin PBXBuildFile section */
		F34885F6244E457C004ECC25 /* AppDelegate.swift in Sources */ = {isa = PBXBuildFile; fileRef = F34885F5244E457C004ECC25 /* AppDelegate.swift */; };
		F34885F8244E457C004ECC25 /* LoginViewController.swift in Sources */ = {isa = PBXBuildFile; fileRef = F34885F7244E457C004ECC25 /* LoginViewController.swift */; };
		F34885FB244E457C004ECC25 /* Main.storyboard in Resources */ = {isa = PBXBuildFile; fileRef = F34885F9244E457C004ECC25 /* Main.storyboard */; };
		F34885FD244E457E004ECC25 /* Assets.xcassets in Resources */ = {isa = PBXBuildFile; fileRef = F34885FC244E457E004ECC25 /* Assets.xcassets */; };
		F3488600244E457E004ECC25 /* LaunchScreen.storyboard in Resources */ = {isa = PBXBuildFile; fileRef = F34885FE244E457E004ECC25 /* LaunchScreen.storyboard */; };
		F35E10942450ACFB0081D7C6 /* POSTStudentLocationRequest.swift in Sources */ = {isa = PBXBuildFile; fileRef = F35E10932450ACFB0081D7C6 /* POSTStudentLocationRequest.swift */; };
		F35E10962450C7120081D7C6 /* LoginViewControllerExtension.swift in Sources */ = {isa = PBXBuildFile; fileRef = F35E10952450C7120081D7C6 /* LoginViewControllerExtension.swift */; };
		F35E10982450C9AB0081D7C6 /* MapViewController-Extension.swift in Sources */ = {isa = PBXBuildFile; fileRef = F35E10972450C9AB0081D7C6 /* MapViewController-Extension.swift */; };
		F35E109A245126BA0081D7C6 /* UIViewController-Extension.swift in Sources */ = {isa = PBXBuildFile; fileRef = F35E1099245126BA0081D7C6 /* UIViewController-Extension.swift */; };
		F36549C8244E53E000F8EEB9 /* UITextFieldExtension.swift in Sources */ = {isa = PBXBuildFile; fileRef = F36549C7244E53E000F8EEB9 /* UITextFieldExtension.swift */; };
		F36549CD244E650900F8EEB9 /* MapViewController.swift in Sources */ = {isa = PBXBuildFile; fileRef = F36549CC244E650900F8EEB9 /* MapViewController.swift */; };
		F36549D0244E788800F8EEB9 /* TableViewController.swift in Sources */ = {isa = PBXBuildFile; fileRef = F36549CF244E788800F8EEB9 /* TableViewController.swift */; };
		F36549D3244E839000F8EEB9 /* UdacityClient.swift in Sources */ = {isa = PBXBuildFile; fileRef = F36549D2244E839000F8EEB9 /* UdacityClient.swift */; };
		F3C5C4A2244EA41B0081BF58 /* POSTsessionIdRequest.swift in Sources */ = {isa = PBXBuildFile; fileRef = F3C5C4A1244EA41B0081BF58 /* POSTsessionIdRequest.swift */; };
		F3C5C4A5244EA4510081BF58 /* POSTsessionIdResponse.swift in Sources */ = {isa = PBXBuildFile; fileRef = F3C5C4A4244EA4510081BF58 /* POSTsessionIdResponse.swift */; };
		F3C5C4A9244F6A360081BF58 /* GetStudentInformationResponse.swift in Sources */ = {isa = PBXBuildFile; fileRef = F3C5C4A8244F6A360081BF58 /* GetStudentInformationResponse.swift */; };
		F3C5C4AC244F78620081BF58 /* StudentsInformation.swift in Sources */ = {isa = PBXBuildFile; fileRef = F3C5C4AB244F78620081BF58 /* StudentsInformation.swift */; };
		F3C5C4AE244F78A60081BF58 /* GetStudentsInformationResponse.swift in Sources */ = {isa = PBXBuildFile; fileRef = F3C5C4AD244F78A60081BF58 /* GetStudentsInformationResponse.swift */; };
		F3C5C4B0244F7D3E0081BF58 /* TabViewController.swift in Sources */ = {isa = PBXBuildFile; fileRef = F3C5C4AF244F7D3E0081BF58 /* TabViewController.swift */; };
		F3C5C4B2244F9AF30081BF58 /* UIColorExtension.swift in Sources */ = {isa = PBXBuildFile; fileRef = F3C5C4B1244F9AF30081BF58 /* UIColorExtension.swift */; };
		F3C5C4B4244FD6A70081BF58 /* AddPinViewController.swift in Sources */ = {isa = PBXBuildFile; fileRef = F3C5C4B3244FD6A70081BF58 /* AddPinViewController.swift */; };
/* End PBXBuildFile section */

/* Begin PBXFileReference section */
		F34885F2244E457C004ECC25 /* OnTheMap.app */ = {isa = PBXFileReference; explicitFileType = wrapper.application; includeInIndex = 0; path = OnTheMap.app; sourceTree = BUILT_PRODUCTS_DIR; };
		F34885F5244E457C004ECC25 /* AppDelegate.swift */ = {isa = PBXFileReference; lastKnownFileType = sourcecode.swift; path = AppDelegate.swift; sourceTree = "<group>"; };
		F34885F7244E457C004ECC25 /* LoginViewController.swift */ = {isa = PBXFileReference; lastKnownFileType = sourcecode.swift; path = LoginViewController.swift; sourceTree = "<group>"; };
		F34885FA244E457C004ECC25 /* Base */ = {isa = PBXFileReference; lastKnownFileType = file.storyboard; name = Base; path = Base.lproj/Main.storyboard; sourceTree = "<group>"; };
		F34885FC244E457E004ECC25 /* Assets.xcassets */ = {isa = PBXFileReference; lastKnownFileType = folder.assetcatalog; path = Assets.xcassets; sourceTree = "<group>"; };
		F34885FF244E457E004ECC25 /* Base */ = {isa = PBXFileReference; lastKnownFileType = file.storyboard; name = Base; path = Base.lproj/LaunchScreen.storyboard; sourceTree = "<group>"; };
		F3488601244E457E004ECC25 /* Info.plist */ = {isa = PBXFileReference; lastKnownFileType = text.plist.xml; path = Info.plist; sourceTree = "<group>"; };
		F35E10932450ACFB0081D7C6 /* POSTStudentLocationRequest.swift */ = {isa = PBXFileReference; lastKnownFileType = sourcecode.swift; path = POSTStudentLocationRequest.swift; sourceTree = "<group>"; };
		F35E10952450C7120081D7C6 /* LoginViewControllerExtension.swift */ = {isa = PBXFileReference; lastKnownFileType = sourcecode.swift; path = LoginViewControllerExtension.swift; sourceTree = "<group>"; };
		F35E10972450C9AB0081D7C6 /* MapViewController-Extension.swift */ = {isa = PBXFileReference; lastKnownFileType = sourcecode.swift; path = "MapViewController-Extension.swift"; sourceTree = "<group>"; };
		F35E1099245126BA0081D7C6 /* UIViewController-Extension.swift */ = {isa = PBXFileReference; lastKnownFileType = sourcecode.swift; path = "UIViewController-Extension.swift"; sourceTree = "<group>"; };
		F36549C7244E53E000F8EEB9 /* UITextFieldExtension.swift */ = {isa = PBXFileReference; lastKnownFileType = sourcecode.swift; path = UITextFieldExtension.swift; sourceTree = "<group>"; };
		F36549CC244E650900F8EEB9 /* MapViewController.swift */ = {isa = PBXFileReference; lastKnownFileType = sourcecode.swift; path = MapViewController.swift; sourceTree = "<group>"; };
		F36549CF244E788800F8EEB9 /* TableViewController.swift */ = {isa = PBXFileReference; lastKnownFileType = sourcecode.swift; path = TableViewController.swift; sourceTree = "<group>"; };
		F36549D2244E839000F8EEB9 /* UdacityClient.swift */ = {isa = PBXFileReference; lastKnownFileType = sourcecode.swift; path = UdacityClient.swift; sourceTree = "<group>"; };
		F3C5C4A1244EA41B0081BF58 /* POSTsessionIdRequest.swift */ = {isa = PBXFileReference; lastKnownFileType = sourcecode.swift; path = POSTsessionIdRequest.swift; sourceTree = "<group>"; };
		F3C5C4A4244EA4510081BF58 /* POSTsessionIdResponse.swift */ = {isa = PBXFileReference; lastKnownFileType = sourcecode.swift; path = POSTsessionIdResponse.swift; sourceTree = "<group>"; };
		F3C5C4A8244F6A360081BF58 /* GetStudentInformationResponse.swift */ = {isa = PBXFileReference; lastKnownFileType = sourcecode.swift; path = GetStudentInformationResponse.swift; sourceTree = "<group>"; };
		F3C5C4AB244F78620081BF58 /* StudentsInformation.swift */ = {isa = PBXFileReference; lastKnownFileType = sourcecode.swift; path = StudentsInformation.swift; sourceTree = "<group>"; };
		F3C5C4AD244F78A60081BF58 /* GetStudentsInformationResponse.swift */ = {isa = PBXFileReference; lastKnownFileType = sourcecode.swift; path = GetStudentsInformationResponse.swift; sourceTree = "<group>"; };
		F3C5C4AF244F7D3E0081BF58 /* TabViewController.swift */ = {isa = PBXFileReference; lastKnownFileType = sourcecode.swift; path = TabViewController.swift; sourceTree = "<group>"; };
		F3C5C4B1244F9AF30081BF58 /* UIColorExtension.swift */ = {isa = PBXFileReference; lastKnownFileType = sourcecode.swift; path = UIColorExtension.swift; sourceTree = "<group>"; };
		F3C5C4B3244FD6A70081BF58 /* AddPinViewController.swift */ = {isa = PBXFileReference; lastKnownFileType = sourcecode.swift; path = AddPinViewController.swift; sourceTree = "<group>"; };
/* End PBXFileReference section */

/* Begin PBXFrameworksBuildPhase section */
		F34885EF244E457C004ECC25 /* Frameworks */ = {
			isa = PBXFrameworksBuildPhase;
			buildActionMask = 2147483647;
			files = (
			);
			runOnlyForDeploymentPostprocessing = 0;
		};
/* End PBXFrameworksBuildPhase section */

/* Begin PBXGroup section */
		F34885E9244E457C004ECC25 = {
			isa = PBXGroup;
			children = (
				F34885F4244E457C004ECC25 /* OnTheMap */,
				F34885F3244E457C004ECC25 /* Products */,
			);
			sourceTree = "<group>";
		};
		F34885F3244E457C004ECC25 /* Products */ = {
			isa = PBXGroup;
			children = (
				F34885F2244E457C004ECC25 /* OnTheMap.app */,
			);
			name = Products;
			sourceTree = "<group>";
		};
		F34885F4244E457C004ECC25 /* OnTheMap */ = {
			isa = PBXGroup;
			children = (
				F34885F5244E457C004ECC25 /* AppDelegate.swift */,
				F36549D1244E834000F8EEB9 /* Model */,
				F36549CB244E64D800F8EEB9 /* Controllers */,
				F36549C6244E53BD00F8EEB9 /* View */,
				F34885FC244E457E004ECC25 /* Assets.xcassets */,
				F3488601244E457E004ECC25 /* Info.plist */,
			);
			path = OnTheMap;
			sourceTree = "<group>";
		};
		F36549C6244E53BD00F8EEB9 /* View */ = {
			isa = PBXGroup;
			children = (
				F36549C7244E53E000F8EEB9 /* UITextFieldExtension.swift */,
				F3C5C4B1244F9AF30081BF58 /* UIColorExtension.swift */,
				F34885F9244E457C004ECC25 /* Main.storyboard */,
				F34885FE244E457E004ECC25 /* LaunchScreen.storyboard */,
			);
			path = View;
			sourceTree = "<group>";
		};
		F36549CB244E64D800F8EEB9 /* Controllers */ = {
			isa = PBXGroup;
			children = (
				F34885F7244E457C004ECC25 /* LoginViewController.swift */,
				F35E10952450C7120081D7C6 /* LoginViewControllerExtension.swift */,
				F3C5C4AF244F7D3E0081BF58 /* TabViewController.swift */,
				F36549CC244E650900F8EEB9 /* MapViewController.swift */,
				F35E10972450C9AB0081D7C6 /* MapViewController-Extension.swift */,
				F36549CF244E788800F8EEB9 /* TableViewController.swift */,
				F3C5C4B3244FD6A70081BF58 /* AddPinViewController.swift */,
				F35E1099245126BA0081D7C6 /* UIViewController-Extension.swift */,
			);
			path = Controllers;
			sourceTree = "<group>";
		};
		F36549D1244E834000F8EEB9 /* Model */ = {
			isa = PBXGroup;
			children = (
				F3C5C4AA244F78470081BF58 /* Data */,
				F3C5C4A6244EA5A10081BF58 /* Client */,
				F3C5C4A3244EA4400081BF58 /* Response */,
				F3C5C4A0244EA4020081BF58 /* Request */,
			);
			path = Model;
			sourceTree = "<group>";
		};
		F3C5C4A0244EA4020081BF58 /* Request */ = {
			isa = PBXGroup;
			children = (
				F3C5C4A1244EA41B0081BF58 /* POSTsessionIdRequest.swift */,
				F35E10932450ACFB0081D7C6 /* POSTStudentLocationRequest.swift */,
			);
			path = Request;
			sourceTree = "<group>";
		};
		F3C5C4A3244EA4400081BF58 /* Response */ = {
			isa = PBXGroup;
			children = (
				F3C5C4A4244EA4510081BF58 /* POSTsessionIdResponse.swift */,
				F3C5C4A8244F6A360081BF58 /* GetStudentInformationResponse.swift */,
				F3C5C4AD244F78A60081BF58 /* GetStudentsInformationResponse.swift */,
			);
			path = Response;
			sourceTree = "<group>";
		};
		F3C5C4A6244EA5A10081BF58 /* Client */ = {
			isa = PBXGroup;
			children = (
				F36549D2244E839000F8EEB9 /* UdacityClient.swift */,
			);
			path = Client;
			sourceTree = "<group>";
		};
		F3C5C4AA244F78470081BF58 /* Data */ = {
			isa = PBXGroup;
			children = (
				F3C5C4AB244F78620081BF58 /* StudentsInformation.swift */,
			);
			path = Data;
			sourceTree = "<group>";
		};
/* End PBXGroup section */

/* Begin PBXNativeTarget section */
		F34885F1244E457C004ECC25 /* OnTheMap */ = {
			isa = PBXNativeTarget;
			buildConfigurationList = F3488604244E457E004ECC25 /* Build configuration list for PBXNativeTarget "OnTheMap" */;
			buildPhases = (
				F34885EE244E457C004ECC25 /* Sources */,
				F34885EF244E457C004ECC25 /* Frameworks */,
				F34885F0244E457C004ECC25 /* Resources */,
			);
			buildRules = (
			);
			dependencies = (
			);
			name = OnTheMap;
			productName = OnTheMap;
			productReference = F34885F2244E457C004ECC25 /* OnTheMap.app */;
			productType = "com.apple.product-type.application";
		};
/* End PBXNativeTarget section */

/* Begin PBXProject section */
		F34885EA244E457C004ECC25 /* Project object */ = {
			isa = PBXProject;
			attributes = {
				LastSwiftUpdateCheck = 1010;
				LastUpgradeCheck = 1010;
				ORGANIZATIONNAME = "Rowan Hisham";
				TargetAttributes = {
					F34885F1244E457C004ECC25 = {
						CreatedOnToolsVersion = 10.1;
					};
				};
			};
			buildConfigurationList = F34885ED244E457C004ECC25 /* Build configuration list for PBXProject "OnTheMap" */;
			compatibilityVersion = "Xcode 9.3";
			developmentRegion = en;
			hasScannedForEncodings = 0;
			knownRegions = (
				en,
				Base,
			);
			mainGroup = F34885E9244E457C004ECC25;
			productRefGroup = F34885F3244E457C004ECC25 /* Products */;
			projectDirPath = "";
			projectRoot = "";
			targets = (
				F34885F1244E457C004ECC25 /* OnTheMap */,
			);
		};
/* End PBXProject section */

/* Begin PBXResourcesBuildPhase section */
		F34885F0244E457C004ECC25 /* Resources */ = {
			isa = PBXResourcesBuildPhase;
			buildActionMask = 2147483647;
			files = (
				F3488600244E457E004ECC25 /* LaunchScreen.storyboard in Resources */,
				F34885FD244E457E004ECC25 /* Assets.xcassets in Resources */,
				F34885FB244E457C004ECC25 /* Main.storyboard in Resources */,
			);
			runOnlyForDeploymentPostprocessing = 0;
		};
/* End PBXResourcesBuildPhase section */

/* Begin PBXSourcesBuildPhase section */
		F34885EE244E457C004ECC25 /* Sources */ = {
			isa = PBXSourcesBuildPhase;
			buildActionMask = 2147483647;
			files = (
				F3C5C4B0244F7D3E0081BF58 /* TabViewController.swift in Sources */,
				F34885F8244E457C004ECC25 /* LoginViewController.swift in Sources */,
				F36549C8244E53E000F8EEB9 /* UITextFieldExtension.swift in Sources */,
				F36549D3244E839000F8EEB9 /* UdacityClient.swift in Sources */,
				F3C5C4A9244F6A360081BF58 /* GetStudentInformationResponse.swift in Sources */,
				F34885F6244E457C004ECC25 /* AppDelegate.swift in Sources */,
				F3C5C4B4244FD6A70081BF58 /* AddPinViewController.swift in Sources */,
				F3C5C4B2244F9AF30081BF58 /* UIColorExtension.swift in Sources */,
				F36549D0244E788800F8EEB9 /* TableViewController.swift in Sources */,
				F3C5C4AC244F78620081BF58 /* StudentsInformation.swift in Sources */,
				F35E109A245126BA0081D7C6 /* UIViewController-Extension.swift in Sources */,
				F35E10962450C7120081D7C6 /* LoginViewControllerExtension.swift in Sources */,
				F3C5C4AE244F78A60081BF58 /* GetStudentsInformationResponse.swift in Sources */,
				F35E10942450ACFB0081D7C6 /* POSTStudentLocationRequest.swift in Sources */,
				F3C5C4A2244EA41B0081BF58 /* POSTsessionIdRequest.swift in Sources */,
				F35E10982450C9AB0081D7C6 /* MapViewController-Extension.swift in Sources */,
				F3C5C4A5244EA4510081BF58 /* POSTsessionIdResponse.swift in Sources */,
				F36549CD244E650900F8EEB9 /* MapViewController.swift in Sources */,
			);
			runOnlyForDeploymentPostprocessing = 0;
		};
/* End PBXSourcesBuildPhase section */

/* Begin PBXVariantGroup section */
		F34885F9244E457C004ECC25 /* Main.storyboard */ = {
			isa = PBXVariantGroup;
			children = (
				F34885FA244E457C004ECC25 /* Base */,
			);
			name = Main.storyboard;
			sourceTree = "<group>";
		};
		F34885FE244E457E004ECC25 /* LaunchScreen.storyboard */ = {
			isa = PBXVariantGroup;
			children = (
				F34885FF244E457E004ECC25 /* Base */,
			);
			name = LaunchScreen.storyboard;
			sourceTree = "<group>";
		};
/* End PBXVariantGroup section */

/* Begin XCBuildConfiguration section */
		F3488602244E457E004ECC25 /* Debug */ = {
			isa = XCBuildConfiguration;
			buildSettings = {
				ALWAYS_SEARCH_USER_PATHS = NO;
				CLANG_ANALYZER_NONNULL = YES;
				CLANG_ANALYZER_NUMBER_OBJECT_CONVERSION = YES_AGGRESSIVE;
				CLANG_CXX_LANGUAGE_STANDARD = "gnu++14";
				CLANG_CXX_LIBRARY = "libc++";
				CLANG_ENABLE_MODULES = YES;
				CLANG_ENABLE_OBJC_ARC = YES;
				CLANG_ENABLE_OBJC_WEAK = YES;
				CLANG_WARN_BLOCK_CAPTURE_AUTORELEASING = YES;
				CLANG_WARN_BOOL_CONVERSION = YES;
				CLANG_WARN_COMMA = YES;
				CLANG_WARN_CONSTANT_CONVERSION = YES;
				CLANG_WARN_DEPRECATED_OBJC_IMPLEMENTATIONS = YES;
				CLANG_WARN_DIRECT_OBJC_ISA_USAGE = YES_ERROR;
				CLANG_WARN_DOCUMENTATION_COMMENTS = YES;
				CLANG_WARN_EMPTY_BODY = YES;
				CLANG_WARN_ENUM_CONVERSION = YES;
				CLANG_WARN_INFINITE_RECURSION = YES;
				CLANG_WARN_INT_CONVERSION = YES;
				CLANG_WARN_NON_LITERAL_NULL_CONVERSION = YES;
				CLANG_WARN_OBJC_IMPLICIT_RETAIN_SELF = YES;
				CLANG_WARN_OBJC_LITERAL_CONVERSION = YES;
				CLANG_WARN_OBJC_ROOT_CLASS = YES_ERROR;
				CLANG_WARN_RANGE_LOOP_ANALYSIS = YES;
				CLANG_WARN_STRICT_PROTOTYPES = YES;
				CLANG_WARN_SUSPICIOUS_MOVE = YES;
				CLANG_WARN_UNGUARDED_AVAILABILITY = YES_AGGRESSIVE;
				CLANG_WARN_UNREACHABLE_CODE = YES;
				CLANG_WARN__DUPLICATE_METHOD_MATCH = YES;
				CODE_SIGN_IDENTITY = "iPhone Developer";
				COPY_PHASE_STRIP = NO;
				DEBUG_INFORMATION_FORMAT = dwarf;
				ENABLE_STRICT_OBJC_MSGSEND = YES;
				ENABLE_TESTABILITY = YES;
				GCC_C_LANGUAGE_STANDARD = gnu11;
				GCC_DYNAMIC_NO_PIC = NO;
				GCC_NO_COMMON_BLOCKS = YES;
				GCC_OPTIMIZATION_LEVEL = 0;
				GCC_PREPROCESSOR_DEFINITIONS = (
					"DEBUG=1",
					"$(inherited)",
				);
				GCC_WARN_64_TO_32_BIT_CONVERSION = YES;
				GCC_WARN_ABOUT_RETURN_TYPE = YES_ERROR;
				GCC_WARN_UNDECLARED_SELECTOR = YES;
				GCC_WARN_UNINITIALIZED_AUTOS = YES_AGGRESSIVE;
				GCC_WARN_UNUSED_FUNCTION = YES;
				GCC_WARN_UNUSED_VARIABLE = YES;
				IPHONEOS_DEPLOYMENT_TARGET = 12.1;
				MTL_ENABLE_DEBUG_INFO = INCLUDE_SOURCE;
				MTL_FAST_MATH = YES;
				ONLY_ACTIVE_ARCH = YES;
				SDKROOT = iphoneos;
				SWIFT_ACTIVE_COMPILATION_CONDITIONS = DEBUG;
				SWIFT_OPTIMIZATION_LEVEL = "-Onone";
			};
			name = Debug;
		};
		F3488603244E457E004ECC25 /* Release */ = {
			isa = XCBuildConfiguration;
			buildSettings = {
				ALWAYS_SEARCH_USER_PATHS = NO;
				CLANG_ANALYZER_NONNULL = YES;
				CLANG_ANALYZER_NUMBER_OBJECT_CONVERSION = YES_AGGRESSIVE;
				CLANG_CXX_LANGUAGE_STANDARD = "gnu++14";
				CLANG_CXX_LIBRARY = "libc++";
				CLANG_ENABLE_MODULES = YES;
				CLANG_ENABLE_OBJC_ARC = YES;
				CLANG_ENABLE_OBJC_WEAK = YES;
				CLANG_WARN_BLOCK_CAPTURE_AUTORELEASING = YES;
				CLANG_WARN_BOOL_CONVERSION = YES;
				CLANG_WARN_COMMA = YES;
				CLANG_WARN_CONSTANT_CONVERSION = YES;
				CLANG_WARN_DEPRECATED_OBJC_IMPLEMENTATIONS = YES;
				CLANG_WARN_DIRECT_OBJC_ISA_USAGE = YES_ERROR;
				CLANG_WARN_DOCUMENTATION_COMMENTS = YES;
				CLANG_WARN_EMPTY_BODY = YES;
				CLANG_WARN_ENUM_CONVERSION = YES;
				CLANG_WARN_INFINITE_RECURSION = YES;
				CLANG_WARN_INT_CONVERSION = YES;
				CLANG_WARN_NON_LITERAL_NULL_CONVERSION = YES;
				CLANG_WARN_OBJC_IMPLICIT_RETAIN_SELF = YES;
				CLANG_WARN_OBJC_LITERAL_CONVERSION = YES;
				CLANG_WARN_OBJC_ROOT_CLASS = YES_ERROR;
				CLANG_WARN_RANGE_LOOP_ANALYSIS = YES;
				CLANG_WARN_STRICT_PROTOTYPES = YES;
				CLANG_WARN_SUSPICIOUS_MOVE = YES;
				CLANG_WARN_UNGUARDED_AVAILABILITY = YES_AGGRESSIVE;
				CLANG_WARN_UNREACHABLE_CODE = YES;
				CLANG_WARN__DUPLICATE_METHOD_MATCH = YES;
				CODE_SIGN_IDENTITY = "iPhone Developer";
				COPY_PHASE_STRIP = NO;
				DEBUG_INFORMATION_FORMAT = "dwarf-with-dsym";
				ENABLE_NS_ASSERTIONS = NO;
				ENABLE_STRICT_OBJC_MSGSEND = YES;
				GCC_C_LANGUAGE_STANDARD = gnu11;
				GCC_NO_COMMON_BLOCKS = YES;
				GCC_WARN_64_TO_32_BIT_CONVERSION = YES;
				GCC_WARN_ABOUT_RETURN_TYPE = YES_ERROR;
				GCC_WARN_UNDECLARED_SELECTOR = YES;
				GCC_WARN_UNINITIALIZED_AUTOS = YES_AGGRESSIVE;
				GCC_WARN_UNUSED_FUNCTION = YES;
				GCC_WARN_UNUSED_VARIABLE = YES;
				IPHONEOS_DEPLOYMENT_TARGET = 12.1;
				MTL_ENABLE_DEBUG_INFO = NO;
				MTL_FAST_MATH = YES;
				SDKROOT = iphoneos;
				SWIFT_COMPILATION_MODE = wholemodule;
				SWIFT_OPTIMIZATION_LEVEL = "-O";
				VALIDATE_PRODUCT = YES;
			};
			name = Release;
		};
		F3488605244E457E004ECC25 /* Debug */ = {
			isa = XCBuildConfiguration;
			buildSettings = {
				ASSETCATALOG_COMPILER_APPICON_NAME = AppIcon;
				CODE_SIGN_STYLE = Automatic;
				INFOPLIST_FILE = OnTheMap/Info.plist;
				LD_RUNPATH_SEARCH_PATHS = (
					"$(inherited)",
					"@executable_path/Frameworks",
				);
				PRODUCT_BUNDLE_IDENTIFIER = Rowan.OnTheMap;
				PRODUCT_NAME = "$(TARGET_NAME)";
				SWIFT_VERSION = 4.2;
				TARGETED_DEVICE_FAMILY = "1,2";
			};
			name = Debug;
		};
		F3488606244E457E004ECC25 /* Release */ = {
			isa = XCBuildConfiguration;
			buildSettings = {
				ASSETCATALOG_COMPILER_APPICON_NAME = AppIcon;
				CODE_SIGN_STYLE = Automatic;
				INFOPLIST_FILE = OnTheMap/Info.plist;
				LD_RUNPATH_SEARCH_PATHS = (
					"$(inherited)",
					"@executable_path/Frameworks",
				);
				PRODUCT_BUNDLE_IDENTIFIER = Rowan.OnTheMap;
				PRODUCT_NAME = "$(TARGET_NAME)";
				SWIFT_VERSION = 4.2;
				TARGETED_DEVICE_FAMILY = "1,2";
			};
			name = Release;
		};
/* End XCBuildConfiguration section */

/* Begin XCConfigurationList section */
		F34885ED244E457C004ECC25 /* Build configuration list for PBXProject "OnTheMap" */ = {
			isa = XCConfigurationList;
			buildConfigurations = (
				F3488602244E457E004ECC25 /* Debug */,
				F3488603244E457E004ECC25 /* Release */,
			);
			defaultConfigurationIsVisible = 0;
			defaultConfigurationName = Release;
		};
		F3488604244E457E004ECC25 /* Build configuration list for PBXNativeTarget "OnTheMap" */ = {
			isa = XCConfigurationList;
			buildConfigurations = (
				F3488605244E457E004ECC25 /* Debug */,
				F3488606244E457E004ECC25 /* Release */,
			);
			defaultConfigurationIsVisible = 0;
			defaultConfigurationName = Release;
		};
/* End XCConfigurationList section */
	};
	rootObject = F34885EA244E457C004ECC25 /* Project object */;
}
